
Microsoft Visual Studio Solution File, Format Version 12.00
# Visual Studio Version 17
VisualStudioVersion = 17.4.33213.308
MinimumVisualStudioVersion = 10.0.40219.1
Project("{FAE04EC0-301F-11D3-BF4B-00C04F79EFBC}") = "Project4.0_C3_CrowdCtrl_Back", "Project4.0_C3_CrowdCtrl_Back\Project4.0_C3_CrowdCtrl_Back.csproj", "{B175A1A4-43BA-47C5-B3F8-D8DA4A608935}"
EndProject
Global
	GlobalSection(SolutionConfigurationPlatforms) = preSolution
		Debug|Any CPU = Debug|Any CPU
		Release|Any CPU = Release|Any CPU
	EndGlobalSection
	GlobalSection(ProjectConfigurationPlatforms) = postSolution
		{B175A1A4-43BA-47C5-B3F8-D8DA4A608935}.Debug|Any CPU.ActiveCfg = Debug|Any CPU
		{B175A1A4-43BA-47C5-B3F8-D8DA4A608935}.Debug|Any CPU.Build.0 = Debug|Any CPU
		{B175A1A4-43BA-47C5-B3F8-D8DA4A608935}.Release|Any CPU.ActiveCfg = Release|Any CPU
		{B175A1A4-43BA-47C5-B3F8-D8DA4A608935}.Release|Any CPU.Build.0 = Release|Any CPU
	EndGlobalSection
	GlobalSection(SolutionProperties) = preSolution
		HideSolutionNode = FALSE
	EndGlobalSection
	GlobalSection(ExtensibilityGlobals) = postSolution
		SolutionGuid = {171C8F6F-6BFC-4DAF-8675-21CFF1820573}
	EndGlobalSection
EndGlobal
